
Microsoft Visual Studio Solution File, Format Version 12.00
# Visual Studio Version 16
VisualStudioVersion = 16.0.32802.440
MinimumVisualStudioVersion = 10.0.40219.1
Project("{FAE04EC0-301F-11D3-BF4B-00C04F79EFBC}") = "Test1", "Test1\Test1.csproj", "{AFB7E026-CB9E-4B04-8156-D3B475629F13}"
EndProject
Global
	GlobalSection(SolutionConfigurationPlatforms) = preSolution
		Debug|Any CPU = Debug|Any CPU
		Debug|x64 = Debug|x64
		Release|Any CPU = Release|Any CPU
		Release|x64 = Release|x64
	EndGlobalSection
	GlobalSection(ProjectConfigurationPlatforms) = postSolution
		{AFB7E026-CB9E-4B04-8156-D3B475629F13}.Debug|Any CPU.ActiveCfg = Debug|Any CPU
		{AFB7E026-CB9E-4B04-8156-D3B475629F13}.Debug|Any CPU.Build.0 = Debug|Any CPU
		{AFB7E026-CB9E-4B04-8156-D3B475629F13}.Debug|x64.ActiveCfg = Debug|x64
		{AFB7E026-CB9E-4B04-8156-D3B475629F13}.Debug|x64.Build.0 = Debug|x64
		{AFB7E026-CB9E-4B04-8156-D3B475629F13}.Release|Any CPU.ActiveCfg = Release|Any CPU
		{AFB7E026-CB9E-4B04-8156-D3B475629F13}.Release|Any CPU.Build.0 = Release|Any CPU
		{AFB7E026-CB9E-4B04-8156-D3B475629F13}.Release|x64.ActiveCfg = Release|x64
		{AFB7E026-CB9E-4B04-8156-D3B475629F13}.Release|x64.Build.0 = Release|x64
	EndGlobalSection
	GlobalSection(SolutionProperties) = preSolution
		HideSolutionNode = FALSE
	EndGlobalSection
	GlobalSection(ExtensibilityGlobals) = postSolution
		SolutionGuid = {768846D0-8D97-4C04-8B65-C9D7548F9D27}
	EndGlobalSection
EndGlobal
